<?xml version="1.0" encoding="utf-8"?>
<Project ToolsVersion="4.0" xmlns="http://schemas.microsoft.com/developer/msbuild/2003">
  <ItemGroup>
    <Filter Include="소스 파일">
      <UniqueIdentifier>{4FC737F1-C7A5-4376-A066-2A32D752A2FF}</UniqueIdentifier>
      <Extensions>cpp;c;cc;cxx;c++;cppm;ixx;def;odl;idl;hpj;bat;asm;asmx</Extensions>
    </Filter>
    <Filter Include="헤더 파일">
      <UniqueIdentifier>{93995380-89BD-4b04-88EB-625FBE52EBFB}</UniqueIdentifier>
      <Extensions>h;hh;hpp;hxx;h++;hm;inl;inc;ipp;xsd</Extensions>
    </Filter>
    <Filter Include="리소스 파일">
      <UniqueIdentifier>{67DA6AB6-F800-4c08-8B7A-83BB121AAD01}</UniqueIdentifier>
      <Extensions>rc;ico;cur;bmp;dlg;rc2;rct;bin;rgs;gif;jpg;jpeg;jpe;resx;tiff;tif;png;wav;mfcribbon-ms</Extensions>
    </Filter>
    <Filter Include="소스 파일\framework">
      <UniqueIdentifier>{fa2ede7d-e24d-4152-a8b5-7926e0c20cef}</UniqueIdentifier>
    </Filter>
    <Filter Include="소스 파일\Main">
      <UniqueIdentifier>{28ac58f3-b863-4b73-bb22-bde8b0b90aaa}</UniqueIdentifier>
    </Filter>
    <Filter Include="소스 파일\Game">
      <UniqueIdentifier>{c14521e1-2285-421f-be4e-34f9170d2db4}</UniqueIdentifier>
    </Filter>
  </ItemGroup>
  <ItemGroup>
    <ClInclude Include="framework\Game.h">
      <Filter>소스 파일\framework</Filter>
    </ClInclude>
    <ClInclude Include="stdafx.h">
      <Filter>소스 파일\Main</Filter>
    </ClInclude>
    <ClInclude Include="framework\Renderer.h">
      <Filter>소스 파일\framework</Filter>
    </ClInclude>
    <ClInclude Include="framework\input.h">
      <Filter>소스 파일\framework</Filter>
    </ClInclude>
    <ClInclude Include="framework\Timer.h">
      <Filter>소스 파일\framework</Filter>
    </ClInclude>
    <ClInclude Include="Game\Stage.h">
      <Filter>소스 파일\Game</Filter>
    </ClInclude>
    <ClInclude Include="Macro.h">
      <Filter>소스 파일\Main</Filter>
    </ClInclude>
    <ClInclude Include="Game\Loby.h">
      <Filter>소스 파일\Game</Filter>
    </ClInclude>
    <ClInclude Include="Game\Menu.h">
      <Filter>소스 파일\Game</Filter>
    </ClInclude>
  </ItemGroup>
  <ItemGroup>
    <ClCompile Include="framework\Game.c">
      <Filter>소스 파일\framework</Filter>
    </ClCompile>
    <ClCompile Include="main.c">
      <Filter>소스 파일\Main</Filter>
    </ClCompile>
    <ClCompile Include="stdafx.c">
      <Filter>소스 파일\Main</Filter>
    </ClCompile>
    <ClCompile Include="framework\Renderer.c">
      <Filter>소스 파일\framework</Filter>
    </ClCompile>
    <ClCompile Include="framework\input.c">
      <Filter>소스 파일\framework</Filter>
    </ClCompile>
    <ClCompile Include="framework\Timer.c">
      <Filter>소스 파일\framework</Filter>
    </ClCompile>
    <ClCompile Include="Game\Stage.c">
      <Filter>소스 파일\Game</Filter>
    </ClCompile>
    <ClCompile Include="Game\Loby.c">
      <Filter>소스 파일\Game</Filter>
    </ClCompile>
    <ClCompile Include="Game\Menu.c">
      <Filter>소스 파일\Game</Filter>
    </ClCompile>
  </ItemGroup>
</Project>